// !$*UTF8*$!
{
	archiveVersion = 1;
	classes = {
	};
	objectVersion = 48;
	objects = {

/* Begin PBXBuildFile section */
		3B9713452099A1D900FAED17 /* AppDelegate.m in Sources */ = {isa = PBXBuildFile; fileRef = 3B9713442099A1D900FAED17 /* AppDelegate.m */; };
		3B97134B2099A1D900FAED17 /* Main.storyboard in Resources */ = {isa = PBXBuildFile; fileRef = 3B9713492099A1D900FAED17 /* Main.storyboard */; };
		3B97134D2099A1D900FAED17 /* Assets.xcassets in Resources */ = {isa = PBXBuildFile; fileRef = 3B97134C2099A1D900FAED17 /* Assets.xcassets */; };
		3B9713502099A1D900FAED17 /* LaunchScreen.storyboard in Resources */ = {isa = PBXBuildFile; fileRef = 3B97134E2099A1D900FAED17 /* LaunchScreen.storyboard */; };
		3B9713532099A1D900FAED17 /* main.m in Sources */ = {isa = PBXBuildFile; fileRef = 3B9713522099A1D900FAED17 /* main.m */; };
		3B97135F2099A25600FAED17 /* ViewController.m in Sources */ = {isa = PBXBuildFile; fileRef = 3B97135E2099A25600FAED17 /* ViewController.m */; };
		3B9713622099A2A200FAED17 /* TTInterativeTextView.m in Sources */ = {isa = PBXBuildFile; fileRef = 3B9713612099A2A200FAED17 /* TTInterativeTextView.m */; };
		3B971366209A1CA000FAED17 /* TTSimpleRouter.m in Sources */ = {isa = PBXBuildFile; fileRef = 3B971365209A1CA000FAED17 /* TTSimpleRouter.m */; };
		3B971369209A1CC000FAED17 /* TTLinkParser.m in Sources */ = {isa = PBXBuildFile; fileRef = 3B971368209A1CC000FAED17 /* TTLinkParser.m */; };
		3B97136C209A2AF400FAED17 /* TTFeedbackViewController.m in Sources */ = {isa = PBXBuildFile; fileRef = 3B97136B209A2AF400FAED17 /* TTFeedbackViewController.m */; };
/* End PBXBuildFile section */

/* Begin PBXFileReference section */
		3B9713402099A1D900FAED17 /* TTDemo.app */ = {isa = PBXFileReference; explicitFileType = wrapper.application; includeInIndex = 0; path = TTDemo.app; sourceTree = BUILT_PRODUCTS_DIR; };
		3B9713432099A1D900FAED17 /* AppDelegate.h */ = {isa = PBXFileReference; lastKnownFileType = sourcecode.c.h; path = AppDelegate.h; sourceTree = "<group>"; };
		3B9713442099A1D900FAED17 /* AppDelegate.m */ = {isa = PBXFileReference; lastKnownFileType = sourcecode.c.objc; path = AppDelegate.m; sourceTree = "<group>"; };
		3B97134A2099A1D900FAED17 /* Base */ = {isa = PBXFileReference; lastKnownFileType = file.storyboard; name = Base; path = Base.lproj/Main.storyboard; sourceTree = "<group>"; };
		3B97134C2099A1D900FAED17 /* Assets.xcassets */ = {isa = PBXFileReference; lastKnownFileType = folder.assetcatalog; path = Assets.xcassets; sourceTree = "<group>"; };
		3B97134F2099A1D900FAED17 /* Base */ = {isa = PBXFileReference; lastKnownFileType = file.storyboard; name = Base; path = Base.lproj/LaunchScreen.storyboard; sourceTree = "<group>"; };
		3B9713512099A1D900FAED17 /* Info.plist */ = {isa = PBXFileReference; lastKnownFileType = text.plist.xml; path = Info.plist; sourceTree = "<group>"; };
		3B9713522099A1D900FAED17 /* main.m */ = {isa = PBXFileReference; lastKnownFileType = sourcecode.c.objc; path = main.m; sourceTree = "<group>"; };
		3B97135D2099A25600FAED17 /* ViewController.h */ = {isa = PBXFileReference; fileEncoding = 4; lastKnownFileType = sourcecode.c.h; path = ViewController.h; sourceTree = "<group>"; };
		3B97135E2099A25600FAED17 /* ViewController.m */ = {isa = PBXFileReference; fileEncoding = 4; lastKnownFileType = sourcecode.c.objc; path = ViewController.m; sourceTree = "<group>"; };
		3B9713602099A2A200FAED17 /* TTInterativeTextView.h */ = {isa = PBXFileReference; lastKnownFileType = sourcecode.c.h; path = TTInterativeTextView.h; sourceTree = "<group>"; };
		3B9713612099A2A200FAED17 /* TTInterativeTextView.m */ = {isa = PBXFileReference; lastKnownFileType = sourcecode.c.objc; path = TTInterativeTextView.m; sourceTree = "<group>"; };
		3B971364209A1CA000FAED17 /* TTSimpleRouter.h */ = {isa = PBXFileReference; lastKnownFileType = sourcecode.c.h; path = TTSimpleRouter.h; sourceTree = "<group>"; };
		3B971365209A1CA000FAED17 /* TTSimpleRouter.m */ = {isa = PBXFileReference; lastKnownFileType = sourcecode.c.objc; path = TTSimpleRouter.m; sourceTree = "<group>"; };
		3B971367209A1CC000FAED17 /* TTLinkParser.h */ = {isa = PBXFileReference; lastKnownFileType = sourcecode.c.h; path = TTLinkParser.h; sourceTree = "<group>"; };
		3B971368209A1CC000FAED17 /* TTLinkParser.m */ = {isa = PBXFileReference; lastKnownFileType = sourcecode.c.objc; path = TTLinkParser.m; sourceTree = "<group>"; };
		3B97136A209A2AF400FAED17 /* TTFeedbackViewController.h */ = {isa = PBXFileReference; lastKnownFileType = sourcecode.c.h; path = TTFeedbackViewController.h; sourceTree = "<group>"; };
		3B97136B209A2AF400FAED17 /* TTFeedbackViewController.m */ = {isa = PBXFileReference; lastKnownFileType = sourcecode.c.objc; path = TTFeedbackViewController.m; sourceTree = "<group>"; };
/* End PBXFileReference section */

/* Begin PBXFrameworksBuildPhase section */
		3B97133D2099A1D900FAED17 /* Frameworks */ = {
			isa = PBXFrameworksBuildPhase;
			buildActionMask = 2147483647;
			files = (
			);
			runOnlyForDeploymentPostprocessing = 0;
		};
/* End PBXFrameworksBuildPhase section */

/* Begin PBXGroup section */
		3B9713372099A1D900FAED17 = {
			isa = PBXGroup;
			children = (
				3B9713422099A1D900FAED17 /* TTDemo */,
				3B9713412099A1D900FAED17 /* Products */,
			);
			sourceTree = "<group>";
		};
		3B9713412099A1D900FAED17 /* Products */ = {
			isa = PBXGroup;
			children = (
				3B9713402099A1D900FAED17 /* TTDemo.app */,
			);
			name = Products;
			sourceTree = "<group>";
		};
		3B9713422099A1D900FAED17 /* TTDemo */ = {
			isa = PBXGroup;
			children = (
				3B9713592099A25600FAED17 /* MainMudule */,
				3B9713432099A1D900FAED17 /* AppDelegate.h */,
				3B9713442099A1D900FAED17 /* AppDelegate.m */,
				3B9713492099A1D900FAED17 /* Main.storyboard */,
				3B97134C2099A1D900FAED17 /* Assets.xcassets */,
				3B97134E2099A1D900FAED17 /* LaunchScreen.storyboard */,
				3B9713512099A1D900FAED17 /* Info.plist */,
				3B9713522099A1D900FAED17 /* main.m */,
			);
			path = TTDemo;
			sourceTree = "<group>";
		};
		3B9713592099A25600FAED17 /* MainMudule */ = {
			isa = PBXGroup;
			children = (
				3B971363209A1C7C00FAED17 /* Helper */,
				3B97135A2099A25600FAED17 /* Controller */,
				3B97135B2099A25600FAED17 /* Model */,
				3B97135C2099A25600FAED17 /* View */,
				3B97135D2099A25600FAED17 /* ViewController.h */,
				3B97135E2099A25600FAED17 /* ViewController.m */,
			);
			path = MainMudule;
			sourceTree = "<group>";
		};
		3B97135A2099A25600FAED17 /* Controller */ = {
			isa = PBXGroup;
			children = (
				3B97136A209A2AF400FAED17 /* TTFeedbackViewController.h */,
				3B97136B209A2AF400FAED17 /* TTFeedbackViewController.m */,
			);
			path = Controller;
			sourceTree = "<group>";
		};
		3B97135B2099A25600FAED17 /* Model */ = {
			isa = PBXGroup;
			children = (
			);
			path = Model;
			sourceTree = "<group>";
		};
		3B97135C2099A25600FAED17 /* View */ = {
			isa = PBXGroup;
			children = (
				3B9713602099A2A200FAED17 /* TTInterativeTextView.h */,
				3B9713612099A2A200FAED17 /* TTInterativeTextView.m */,
			);
			path = View;
			sourceTree = "<group>";
		};
		3B971363209A1C7C00FAED17 /* Helper */ = {
			isa = PBXGroup;
			children = (
				3B971364209A1CA000FAED17 /* TTSimpleRouter.h */,
				3B971365209A1CA000FAED17 /* TTSimpleRouter.m */,
				3B971367209A1CC000FAED17 /* TTLinkParser.h */,
				3B971368209A1CC000FAED17 /* TTLinkParser.m */,
			);
			path = Helper;
			sourceTree = "<group>";
		};
/* End PBXGroup section */

/* Begin PBXNativeTarget section */
		3B97133F2099A1D900FAED17 /* TTDemo */ = {
			isa = PBXNativeTarget;
			buildConfigurationList = 3B9713562099A1D900FAED17 /* Build configuration list for PBXNativeTarget "TTDemo" */;
			buildPhases = (
				3B97133C2099A1D900FAED17 /* Sources */,
				3B97133D2099A1D900FAED17 /* Frameworks */,
				3B97133E2099A1D900FAED17 /* Resources */,
			);
			buildRules = (
			);
			dependencies = (
			);
			name = TTDemo;
			productName = TTDemo;
			productReference = 3B9713402099A1D900FAED17 /* TTDemo.app */;
			productType = "com.apple.product-type.application";
		};
/* End PBXNativeTarget section */

/* Begin PBXProject section */
		3B9713382099A1D900FAED17 /* Project object */ = {
			isa = PBXProject;
			attributes = {
				LastUpgradeCheck = 0920;
				ORGANIZATIONNAME = iwm;
				TargetAttributes = {
					3B97133F2099A1D900FAED17 = {
						CreatedOnToolsVersion = 9.2;
						ProvisioningStyle = Automatic;
					};
				};
			};
			buildConfigurationList = 3B97133B2099A1D900FAED17 /* Build configuration list for PBXProject "TTDemo" */;
			compatibilityVersion = "Xcode 8.0";
			developmentRegion = en;
			hasScannedForEncodings = 0;
			knownRegions = (
				en,
				Base,
			);
			mainGroup = 3B9713372099A1D900FAED17;
			productRefGroup = 3B9713412099A1D900FAED17 /* Products */;
			projectDirPath = "";
			projectRoot = "";
			targets = (
				3B97133F2099A1D900FAED17 /* TTDemo */,
			);
		};
/* End PBXProject section */

/* Begin PBXResourcesBuildPhase section */
		3B97133E2099A1D900FAED17 /* Resources */ = {
			isa = PBXResourcesBuildPhase;
			buildActionMask = 2147483647;
			files = (
				3B9713502099A1D900FAED17 /* LaunchScreen.storyboard in Resources */,
				3B97134D2099A1D900FAED17 /* Assets.xcassets in Resources */,
				3B97134B2099A1D900FAED17 /* Main.storyboard in Resources */,
			);
			runOnlyForDeploymentPostprocessing = 0;
		};
/* End PBXResourcesBuildPhase section */

/* Begin PBXSourcesBuildPhase section */
		3B97133C2099A1D900FAED17 /* Sources */ = {
			isa = PBXSourcesBuildPhase;
			buildActionMask = 2147483647;
			files = (
				3B971369209A1CC000FAED17 /* TTLinkParser.m in Sources */,
				3B9713622099A2A200FAED17 /* TTInterativeTextView.m in Sources */,
				3B97135F2099A25600FAED17 /* ViewController.m in Sources */,
				3B971366209A1CA000FAED17 /* TTSimpleRouter.m in Sources */,
				3B9713532099A1D900FAED17 /* main.m in Sources */,
				3B97136C209A2AF400FAED17 /* TTFeedbackViewController.m in Sources */,
				3B9713452099A1D900FAED17 /* AppDelegate.m in Sources */,
			);
			runOnlyForDeploymentPostprocessing = 0;
		};
/* End PBXSourcesBuildPhase section */

/* Begin PBXVariantGroup section */
		3B9713492099A1D900FAED17 /* Main.storyboard */ = {
			isa = PBXVariantGroup;
			children = (
				3B97134A2099A1D900FAED17 /* Base */,
			);
			name = Main.storyboard;
			sourceTree = "<group>";
		};
		3B97134E2099A1D900FAED17 /* LaunchScreen.storyboard */ = {
			isa = PBXVariantGroup;
			children = (
				3B97134F2099A1D900FAED17 /* Base */,
			);
			name = LaunchScreen.storyboard;
			sourceTree = "<group>";
		};
/* End PBXVariantGroup section */

/* Begin XCBuildConfiguration section */
		3B9713542099A1D900FAED17 /* Debug */ = {
			isa = XCBuildConfiguration;
			buildSettings = {
				ALWAYS_SEARCH_USER_PATHS = NO;
				CLANG_ANALYZER_NONNULL = YES;
				CLANG_ANALYZER_NUMBER_OBJECT_CONVERSION = YES_AGGRESSIVE;
				CLANG_CXX_LANGUAGE_STANDARD = "gnu++14";
				CLANG_CXX_LIBRARY = "libc++";
				CLANG_ENABLE_MODULES = YES;
				CLANG_ENABLE_OBJC_ARC = YES;
				CLANG_WARN_BLOCK_CAPTURE_AUTORELEASING = YES;
				CLANG_WARN_BOOL_CONVERSION = YES;
				CLANG_WARN_COMMA = YES;
				CLANG_WARN_CONSTANT_CONVERSION = YES;
				CLANG_WARN_DIRECT_OBJC_ISA_USAGE = YES_ERROR;
				CLANG_WARN_DOCUMENTATION_COMMENTS = YES;
				CLANG_WARN_EMPTY_BODY = YES;
				CLANG_WARN_ENUM_CONVERSION = YES;
				CLANG_WARN_INFINITE_RECURSION = YES;
				CLANG_WARN_INT_CONVERSION = YES;
				CLANG_WARN_NON_LITERAL_NULL_CONVERSION = YES;
				CLANG_WARN_OBJC_LITERAL_CONVERSION = YES;
				CLANG_WARN_OBJC_ROOT_CLASS = YES_ERROR;
				CLANG_WARN_RANGE_LOOP_ANALYSIS = YES;
				CLANG_WARN_STRICT_PROTOTYPES = YES;
				CLANG_WARN_SUSPICIOUS_MOVE = YES;
				CLANG_WARN_UNGUARDED_AVAILABILITY = YES_AGGRESSIVE;
				CLANG_WARN_UNREACHABLE_CODE = YES;
				CLANG_WARN__DUPLICATE_METHOD_MATCH = YES;
				CODE_SIGN_IDENTITY = "iPhone Developer";
				COPY_PHASE_STRIP = NO;
				DEBUG_INFORMATION_FORMAT = dwarf;
				ENABLE_STRICT_OBJC_MSGSEND = YES;
				ENABLE_TESTABILITY = YES;
				GCC_C_LANGUAGE_STANDARD = gnu11;
				GCC_DYNAMIC_NO_PIC = NO;
				GCC_NO_COMMON_BLOCKS = YES;
				GCC_OPTIMIZATION_LEVEL = 0;
				GCC_PREPROCESSOR_DEFINITIONS = (
					"DEBUG=1",
					"$(inherited)",
				);
				GCC_WARN_64_TO_32_BIT_CONVERSION = YES;
				GCC_WARN_ABOUT_RETURN_TYPE = YES_ERROR;
				GCC_WARN_UNDECLARED_SELECTOR = YES;
				GCC_WARN_UNINITIALIZED_AUTOS = YES_AGGRESSIVE;
				GCC_WARN_UNUSED_FUNCTION = YES;
				GCC_WARN_UNUSED_VARIABLE = YES;
				IPHONEOS_DEPLOYMENT_TARGET = 11.2;
				MTL_ENABLE_DEBUG_INFO = YES;
				ONLY_ACTIVE_ARCH = YES;
				SDKROOT = iphoneos;
			};
			name = Debug;
		};
		3B9713552099A1D900FAED17 /* Release */ = {
			isa = XCBuildConfiguration;
			buildSettings = {
				ALWAYS_SEARCH_USER_PATHS = NO;
				CLANG_ANALYZER_NONNULL = YES;
				CLANG_ANALYZER_NUMBER_OBJECT_CONVERSION = YES_AGGRESSIVE;
				CLANG_CXX_LANGUAGE_STANDARD = "gnu++14";
				CLANG_CXX_LIBRARY = "libc++";
				CLANG_ENABLE_MODULES = YES;
				CLANG_ENABLE_OBJC_ARC = YES;
				CLANG_WARN_BLOCK_CAPTURE_AUTORELEASING = YES;
				CLANG_WARN_BOOL_CONVERSION = YES;
				CLANG_WARN_COMMA = YES;
				CLANG_WARN_CONSTANT_CONVERSION = YES;
				CLANG_WARN_DIRECT_OBJC_ISA_USAGE = YES_ERROR;
				CLANG_WARN_DOCUMENTATION_COMMENTS = YES;
				CLANG_WARN_EMPTY_BODY = YES;
				CLANG_WARN_ENUM_CONVERSION = YES;
				CLANG_WARN_INFINITE_RECURSION = YES;
				CLANG_WARN_INT_CONVERSION = YES;
				CLANG_WARN_NON_LITERAL_NULL_CONVERSION = YES;
				CLANG_WARN_OBJC_LITERAL_CONVERSION = YES;
				CLANG_WARN_OBJC_ROOT_CLASS = YES_ERROR;
				CLANG_WARN_RANGE_LOOP_ANALYSIS = YES;
				CLANG_WARN_STRICT_PROTOTYPES = YES;
				CLANG_WARN_SUSPICIOUS_MOVE = YES;
				CLANG_WARN_UNGUARDED_AVAILABILITY = YES_AGGRESSIVE;
				CLANG_WARN_UNREACHABLE_CODE = YES;
				CLANG_WARN__DUPLICATE_METHOD_MATCH = YES;
				CODE_SIGN_IDENTITY = "iPhone Developer";
				COPY_PHASE_STRIP = NO;
				DEBUG_INFORMATION_FORMAT = "dwarf-with-dsym";
				ENABLE_NS_ASSERTIONS = NO;
				ENABLE_STRICT_OBJC_MSGSEND = YES;
				GCC_C_LANGUAGE_STANDARD = gnu11;
				GCC_NO_COMMON_BLOCKS = YES;
				GCC_WARN_64_TO_32_BIT_CONVERSION = YES;
				GCC_WARN_ABOUT_RETURN_TYPE = YES_ERROR;
				GCC_WARN_UNDECLARED_SELECTOR = YES;
				GCC_WARN_UNINITIALIZED_AUTOS = YES_AGGRESSIVE;
				GCC_WARN_UNUSED_FUNCTION = YES;
				GCC_WARN_UNUSED_VARIABLE = YES;
				IPHONEOS_DEPLOYMENT_TARGET = 11.2;
				MTL_ENABLE_DEBUG_INFO = NO;
				SDKROOT = iphoneos;
				VALIDATE_PRODUCT = YES;
			};
			name = Release;
		};
		3B9713572099A1D900FAED17 /* Debug */ = {
			isa = XCBuildConfiguration;
			buildSettings = {
				ASSETCATALOG_COMPILER_APPICON_NAME = AppIcon;
				CODE_SIGN_STYLE = Automatic;
				DEVELOPMENT_TEAM = SUE5LEU9AQ;
				INFOPLIST_FILE = TTDemo/Info.plist;
				LD_RUNPATH_SEARCH_PATHS = "$(inherited) @executable_path/Frameworks";
				PRODUCT_BUNDLE_IDENTIFIER = com.waimai.TTDemo;
				PRODUCT_NAME = "$(TARGET_NAME)";
				TARGETED_DEVICE_FAMILY = "1,2";
			};
			name = Debug;
		};
		3B9713582099A1D900FAED17 /* Release */ = {
			isa = XCBuildConfiguration;
			buildSettings = {
				ASSETCATALOG_COMPILER_APPICON_NAME = AppIcon;
				CODE_SIGN_STYLE = Automatic;
				DEVELOPMENT_TEAM = SUE5LEU9AQ;
				INFOPLIST_FILE = TTDemo/Info.plist;
				LD_RUNPATH_SEARCH_PATHS = "$(inherited) @executable_path/Frameworks";
				PRODUCT_BUNDLE_IDENTIFIER = com.waimai.TTDemo;
				PRODUCT_NAME = "$(TARGET_NAME)";
				TARGETED_DEVICE_FAMILY = "1,2";
			};
			name = Release;
		};
/* End XCBuildConfiguration section */

/* Begin XCConfigurationList section */
		3B97133B2099A1D900FAED17 /* Build configuration list for PBXProject "TTDemo" */ = {
			isa = XCConfigurationList;
			buildConfigurations = (
				3B9713542099A1D900FAED17 /* Debug */,
				3B9713552099A1D900FAED17 /* Release */,
			);
			defaultConfigurationIsVisible = 0;
			defaultConfigurationName = Release;
		};
		3B9713562099A1D900FAED17 /* Build configuration list for PBXNativeTarget "TTDemo" */ = {
			isa = XCConfigurationList;
			buildConfigurations = (
				3B9713572099A1D900FAED17 /* Debug */,
				3B9713582099A1D900FAED17 /* Release */,
			);
			defaultConfigurationIsVisible = 0;
			defaultConfigurationName = Release;
		};
/* End XCConfigurationList section */
	};
	rootObject = 3B9713382099A1D900FAED17 /* Project object */;
}
